// !$*UTF8*$!
{
	archiveVersion = 1;
	classes = {
	};
	objectVersion = 50;
	objects = {

/* Begin PBXBuildFile section */
		5835CAC324996AF000895307 /* AppDelegate.swift in Sources */ = {isa = PBXBuildFile; fileRef = 5835CAC224996AF000895307 /* AppDelegate.swift */; };
		5835CAC524996AF000895307 /* SceneDelegate.swift in Sources */ = {isa = PBXBuildFile; fileRef = 5835CAC424996AF000895307 /* SceneDelegate.swift */; };
		5835CACA24996AF000895307 /* Main.storyboard in Resources */ = {isa = PBXBuildFile; fileRef = 5835CAC824996AF000895307 /* Main.storyboard */; };
		5835CACC24996AF500895307 /* Assets.xcassets in Resources */ = {isa = PBXBuildFile; fileRef = 5835CACB24996AF500895307 /* Assets.xcassets */; };
		5835CACF24996AF500895307 /* LaunchScreen.storyboard in Resources */ = {isa = PBXBuildFile; fileRef = 5835CACD24996AF500895307 /* LaunchScreen.storyboard */; };
		5835CAD824996B9000895307 /* ImageViewController.swift in Sources */ = {isa = PBXBuildFile; fileRef = 5835CAD724996B9000895307 /* ImageViewController.swift */; };
		5835CAE5249976CB00895307 /* DemoURLs.swift in Sources */ = {isa = PBXBuildFile; fileRef = 5835CAE3249976CA00895307 /* DemoURLs.swift */; };
		5835CAE6249976CB00895307 /* oval.jpg in Resources */ = {isa = PBXBuildFile; fileRef = 5835CAE4249976CB00895307 /* oval.jpg */; };
		5835CAE8249983CE00895307 /* CassinniViewController.swift in Sources */ = {isa = PBXBuildFile; fileRef = 5835CAE7249983CE00895307 /* CassinniViewController.swift */; };
/* End PBXBuildFile section */

/* Begin PBXFileReference section */
		5835CABF24996AF000895307 /* Cassini.app */ = {isa = PBXFileReference; explicitFileType = wrapper.application; includeInIndex = 0; path = Cassini.app; sourceTree = BUILT_PRODUCTS_DIR; };
		5835CAC224996AF000895307 /* AppDelegate.swift */ = {isa = PBXFileReference; lastKnownFileType = sourcecode.swift; path = AppDelegate.swift; sourceTree = "<group>"; };
		5835CAC424996AF000895307 /* SceneDelegate.swift */ = {isa = PBXFileReference; lastKnownFileType = sourcecode.swift; path = SceneDelegate.swift; sourceTree = "<group>"; };
		5835CAC924996AF000895307 /* Base */ = {isa = PBXFileReference; lastKnownFileType = file.storyboard; name = Base; path = Base.lproj/Main.storyboard; sourceTree = "<group>"; };
		5835CACB24996AF500895307 /* Assets.xcassets */ = {isa = PBXFileReference; lastKnownFileType = folder.assetcatalog; path = Assets.xcassets; sourceTree = "<group>"; };
		5835CACE24996AF500895307 /* Base */ = {isa = PBXFileReference; lastKnownFileType = file.storyboard; name = Base; path = Base.lproj/LaunchScreen.storyboard; sourceTree = "<group>"; };
		5835CAD024996AF500895307 /* Info.plist */ = {isa = PBXFileReference; lastKnownFileType = text.plist.xml; path = Info.plist; sourceTree = "<group>"; };
		5835CAD724996B9000895307 /* ImageViewController.swift */ = {isa = PBXFileReference; lastKnownFileType = sourcecode.swift; path = ImageViewController.swift; sourceTree = "<group>"; };
		5835CAE3249976CA00895307 /* DemoURLs.swift */ = {isa = PBXFileReference; fileEncoding = 4; lastKnownFileType = sourcecode.swift; path = DemoURLs.swift; sourceTree = "<group>"; };
		5835CAE4249976CB00895307 /* oval.jpg */ = {isa = PBXFileReference; lastKnownFileType = image.jpeg; path = oval.jpg; sourceTree = "<group>"; };
		5835CAE7249983CE00895307 /* CassinniViewController.swift */ = {isa = PBXFileReference; lastKnownFileType = sourcecode.swift; path = CassinniViewController.swift; sourceTree = "<group>"; };
/* End PBXFileReference section */

/* Begin PBXFrameworksBuildPhase section */
		5835CABC24996AF000895307 /* Frameworks */ = {
			isa = PBXFrameworksBuildPhase;
			buildActionMask = 2147483647;
			files = (
			);
			runOnlyForDeploymentPostprocessing = 0;
		};
/* End PBXFrameworksBuildPhase section */

/* Begin PBXGroup section */
		5835CAB624996AF000895307 = {
			isa = PBXGroup;
			children = (
				5835CAC124996AF000895307 /* Cassini */,
				5835CAC024996AF000895307 /* Products */,
			);
			sourceTree = "<group>";
		};
		5835CAC024996AF000895307 /* Products */ = {
			isa = PBXGroup;
			children = (
				5835CABF24996AF000895307 /* Cassini.app */,
			);
			name = Products;
			sourceTree = "<group>";
		};
		5835CAC124996AF000895307 /* Cassini */ = {
			isa = PBXGroup;
			children = (
				5835CAD624996B0900895307 /* Supporting Files */,
				5835CAC824996AF000895307 /* Main.storyboard */,
				5835CAE7249983CE00895307 /* CassinniViewController.swift */,
				5835CAD724996B9000895307 /* ImageViewController.swift */,
				5835CAE4249976CB00895307 /* oval.jpg */,
				5835CAE3249976CA00895307 /* DemoURLs.swift */,
				5835CAD024996AF500895307 /* Info.plist */,
			);
			path = Cassini;
			sourceTree = "<group>";
		};
		5835CAD624996B0900895307 /* Supporting Files */ = {
			isa = PBXGroup;
			children = (
				5835CAC224996AF000895307 /* AppDelegate.swift */,
				5835CAC424996AF000895307 /* SceneDelegate.swift */,
				5835CACB24996AF500895307 /* Assets.xcassets */,
				5835CACD24996AF500895307 /* LaunchScreen.storyboard */,
			);
			path = "Supporting Files";
			sourceTree = "<group>";
		};
/* End PBXGroup section */

/* Begin PBXNativeTarget section */
		5835CABE24996AF000895307 /* Cassini */ = {
			isa = PBXNativeTarget;
			buildConfigurationList = 5835CAD324996AF500895307 /* Build configuration list for PBXNativeTarget "Cassini" */;
			buildPhases = (
				5835CABB24996AF000895307 /* Sources */,
				5835CABC24996AF000895307 /* Frameworks */,
				5835CABD24996AF000895307 /* Resources */,
			);
			buildRules = (
			);
			dependencies = (
			);
			name = Cassini;
			productName = Cassini;
			productReference = 5835CABF24996AF000895307 /* Cassini.app */;
			productType = "com.apple.product-type.application";
		};
/* End PBXNativeTarget section */

/* Begin PBXProject section */
		5835CAB724996AF000895307 /* Project object */ = {
			isa = PBXProject;
			attributes = {
				LastSwiftUpdateCheck = 1150;
				LastUpgradeCheck = 1150;
				ORGANIZATIONNAME = "Juan Felipe Méndez";
				TargetAttributes = {
					5835CABE24996AF000895307 = {
						CreatedOnToolsVersion = 11.5;
					};
				};
			};
			buildConfigurationList = 5835CABA24996AF000895307 /* Build configuration list for PBXProject "Cassini" */;
			compatibilityVersion = "Xcode 9.3";
			developmentRegion = en;
			hasScannedForEncodings = 0;
			knownRegions = (
				en,
				Base,
			);
			mainGroup = 5835CAB624996AF000895307;
			productRefGroup = 5835CAC024996AF000895307 /* Products */;
			projectDirPath = "";
			projectRoot = "";
			targets = (
				5835CABE24996AF000895307 /* Cassini */,
			);
		};
/* End PBXProject section */

/* Begin PBXResourcesBuildPhase section */
		5835CABD24996AF000895307 /* Resources */ = {
			isa = PBXResourcesBuildPhase;
			buildActionMask = 2147483647;
			files = (
				5835CACF24996AF500895307 /* LaunchScreen.storyboard in Resources */,
				5835CAE6249976CB00895307 /* oval.jpg in Resources */,
				5835CACC24996AF500895307 /* Assets.xcassets in Resources */,
				5835CACA24996AF000895307 /* Main.storyboard in Resources */,
			);
			runOnlyForDeploymentPostprocessing = 0;
		};
/* End PBXResourcesBuildPhase section */

/* Begin PBXSourcesBuildPhase section */
		5835CABB24996AF000895307 /* Sources */ = {
			isa = PBXSourcesBuildPhase;
			buildActionMask = 2147483647;
			files = (
				5835CAE5249976CB00895307 /* DemoURLs.swift in Sources */,
				5835CAC324996AF000895307 /* AppDelegate.swift in Sources */,
				5835CAD824996B9000895307 /* ImageViewController.swift in Sources */,
				5835CAE8249983CE00895307 /* CassinniViewController.swift in Sources */,
				5835CAC524996AF000895307 /* SceneDelegate.swift in Sources */,
			);
			runOnlyForDeploymentPostprocessing = 0;
		};
/* End PBXSourcesBuildPhase section */

/* Begin PBXVariantGroup section */
		5835CAC824996AF000895307 /* Main.storyboard */ = {
			isa = PBXVariantGroup;
			children = (
				5835CAC924996AF000895307 /* Base */,
			);
			name = Main.storyboard;
			sourceTree = "<group>";
		};
		5835CACD24996AF500895307 /* LaunchScreen.storyboard */ = {
			isa = PBXVariantGroup;
			children = (
				5835CACE24996AF500895307 /* Base */,
			);
			name = LaunchScreen.storyboard;
			sourceTree = "<group>";
		};
/* End PBXVariantGroup section */

/* Begin XCBuildConfiguration section */
		5835CAD124996AF500895307 /* Debug */ = {
			isa = XCBuildConfiguration;
			buildSettings = {
				ALWAYS_SEARCH_USER_PATHS = NO;
				CLANG_ANALYZER_NONNULL = YES;
				CLANG_ANALYZER_NUMBER_OBJECT_CONVERSION = YES_AGGRESSIVE;
				CLANG_CXX_LANGUAGE_STANDARD = "gnu++14";
				CLANG_CXX_LIBRARY = "libc++";
				CLANG_ENABLE_MODULES = YES;
				CLANG_ENABLE_OBJC_ARC = YES;
				CLANG_ENABLE_OBJC_WEAK = YES;
				CLANG_WARN_BLOCK_CAPTURE_AUTORELEASING = YES;
				CLANG_WARN_BOOL_CONVERSION = YES;
				CLANG_WARN_COMMA = YES;
				CLANG_WARN_CONSTANT_CONVERSION = YES;
				CLANG_WARN_DEPRECATED_OBJC_IMPLEMENTATIONS = YES;
				CLANG_WARN_DIRECT_OBJC_ISA_USAGE = YES_ERROR;
				CLANG_WARN_DOCUMENTATION_COMMENTS = YES;
				CLANG_WARN_EMPTY_BODY = YES;
				CLANG_WARN_ENUM_CONVERSION = YES;
				CLANG_WARN_INFINITE_RECURSION = YES;
				CLANG_WARN_INT_CONVERSION = YES;
				CLANG_WARN_NON_LITERAL_NULL_CONVERSION = YES;
				CLANG_WARN_OBJC_IMPLICIT_RETAIN_SELF = YES;
				CLANG_WARN_OBJC_LITERAL_CONVERSION = YES;
				CLANG_WARN_OBJC_ROOT_CLASS = YES_ERROR;
				CLANG_WARN_RANGE_LOOP_ANALYSIS = YES;
				CLANG_WARN_STRICT_PROTOTYPES = YES;
				CLANG_WARN_SUSPICIOUS_MOVE = YES;
				CLANG_WARN_UNGUARDED_AVAILABILITY = YES_AGGRESSIVE;
				CLANG_WARN_UNREACHABLE_CODE = YES;
				CLANG_WARN__DUPLICATE_METHOD_MATCH = YES;
				COPY_PHASE_STRIP = NO;
				DEBUG_INFORMATION_FORMAT = dwarf;
				ENABLE_STRICT_OBJC_MSGSEND = YES;
				ENABLE_TESTABILITY = YES;
				GCC_C_LANGUAGE_STANDARD = gnu11;
				GCC_DYNAMIC_NO_PIC = NO;
				GCC_NO_COMMON_BLOCKS = YES;
				GCC_OPTIMIZATION_LEVEL = 0;
				GCC_PREPROCESSOR_DEFINITIONS = (
					"DEBUG=1",
					"$(inherited)",
				);
				GCC_WARN_64_TO_32_BIT_CONVERSION = YES;
				GCC_WARN_ABOUT_RETURN_TYPE = YES_ERROR;
				GCC_WARN_UNDECLARED_SELECTOR = YES;
				GCC_WARN_UNINITIALIZED_AUTOS = YES_AGGRESSIVE;
				GCC_WARN_UNUSED_FUNCTION = YES;
				GCC_WARN_UNUSED_VARIABLE = YES;
				IPHONEOS_DEPLOYMENT_TARGET = 13.5;
				MTL_ENABLE_DEBUG_INFO = INCLUDE_SOURCE;
				MTL_FAST_MATH = YES;
				ONLY_ACTIVE_ARCH = YES;
				SDKROOT = iphoneos;
				SWIFT_ACTIVE_COMPILATION_CONDITIONS = DEBUG;
				SWIFT_OPTIMIZATION_LEVEL = "-Onone";
			};
			name = Debug;
		};
		5835CAD224996AF500895307 /* Release */ = {
			isa = XCBuildConfiguration;
			buildSettings = {
				ALWAYS_SEARCH_USER_PATHS = NO;
				CLANG_ANALYZER_NONNULL = YES;
				CLANG_ANALYZER_NUMBER_OBJECT_CONVERSION = YES_AGGRESSIVE;
				CLANG_CXX_LANGUAGE_STANDARD = "gnu++14";
				CLANG_CXX_LIBRARY = "libc++";
				CLANG_ENABLE_MODULES = YES;
				CLANG_ENABLE_OBJC_ARC = YES;
				CLANG_ENABLE_OBJC_WEAK = YES;
				CLANG_WARN_BLOCK_CAPTURE_AUTORELEASING = YES;
				CLANG_WARN_BOOL_CONVERSION = YES;
				CLANG_WARN_COMMA = YES;
				CLANG_WARN_CONSTANT_CONVERSION = YES;
				CLANG_WARN_DEPRECATED_OBJC_IMPLEMENTATIONS = YES;
				CLANG_WARN_DIRECT_OBJC_ISA_USAGE = YES_ERROR;
				CLANG_WARN_DOCUMENTATION_COMMENTS = YES;
				CLANG_WARN_EMPTY_BODY = YES;
				CLANG_WARN_ENUM_CONVERSION = YES;
				CLANG_WARN_INFINITE_RECURSION = YES;
				CLANG_WARN_INT_CONVERSION = YES;
				CLANG_WARN_NON_LITERAL_NULL_CONVERSION = YES;
				CLANG_WARN_OBJC_IMPLICIT_RETAIN_SELF = YES;
				CLANG_WARN_OBJC_LITERAL_CONVERSION = YES;
				CLANG_WARN_OBJC_ROOT_CLASS = YES_ERROR;
				CLANG_WARN_RANGE_LOOP_ANALYSIS = YES;
				CLANG_WARN_STRICT_PROTOTYPES = YES;
				CLANG_WARN_SUSPICIOUS_MOVE = YES;
				CLANG_WARN_UNGUARDED_AVAILABILITY = YES_AGGRESSIVE;
				CLANG_WARN_UNREACHABLE_CODE = YES;
				CLANG_WARN__DUPLICATE_METHOD_MATCH = YES;
				COPY_PHASE_STRIP = NO;
				DEBUG_INFORMATION_FORMAT = "dwarf-with-dsym";
				ENABLE_NS_ASSERTIONS = NO;
				ENABLE_STRICT_OBJC_MSGSEND = YES;
				GCC_C_LANGUAGE_STANDARD = gnu11;
				GCC_NO_COMMON_BLOCKS = YES;
				GCC_WARN_64_TO_32_BIT_CONVERSION = YES;
				GCC_WARN_ABOUT_RETURN_TYPE = YES_ERROR;
				GCC_WARN_UNDECLARED_SELECTOR = YES;
				GCC_WARN_UNINITIALIZED_AUTOS = YES_AGGRESSIVE;
				GCC_WARN_UNUSED_FUNCTION = YES;
				GCC_WARN_UNUSED_VARIABLE = YES;
				IPHONEOS_DEPLOYMENT_TARGET = 13.5;
				MTL_ENABLE_DEBUG_INFO = NO;
				MTL_FAST_MATH = YES;
				SDKROOT = iphoneos;
				SWIFT_COMPILATION_MODE = wholemodule;
				SWIFT_OPTIMIZATION_LEVEL = "-O";
				VALIDATE_PRODUCT = YES;
			};
			name = Release;
		};
		5835CAD424996AF500895307 /* Debug */ = {
			isa = XCBuildConfiguration;
			buildSettings = {
				ASSETCATALOG_COMPILER_APPICON_NAME = AppIcon;
				CODE_SIGN_STYLE = Automatic;
				DEVELOPMENT_TEAM = V6P8CRBUFK;
				INFOPLIST_FILE = Cassini/Info.plist;
				LD_RUNPATH_SEARCH_PATHS = (
					"$(inherited)",
					"@executable_path/Frameworks",
				);
				PRODUCT_BUNDLE_IDENTIFIER = com.example.Cassini;
				PRODUCT_NAME = "$(TARGET_NAME)";
				SWIFT_VERSION = 5.0;
				TARGETED_DEVICE_FAMILY = "1,2";
			};
			name = Debug;
		};
		5835CAD524996AF500895307 /* Release */ = {
			isa = XCBuildConfiguration;
			buildSettings = {
				ASSETCATALOG_COMPILER_APPICON_NAME = AppIcon;
				CODE_SIGN_STYLE = Automatic;
				DEVELOPMENT_TEAM = V6P8CRBUFK;
				INFOPLIST_FILE = Cassini/Info.plist;
				LD_RUNPATH_SEARCH_PATHS = (
					"$(inherited)",
					"@executable_path/Frameworks",
				);
				PRODUCT_BUNDLE_IDENTIFIER = com.example.Cassini;
				PRODUCT_NAME = "$(TARGET_NAME)";
				SWIFT_VERSION = 5.0;
				TARGETED_DEVICE_FAMILY = "1,2";
			};
			name = Release;
		};
/* End XCBuildConfiguration section */

/* Begin XCConfigurationList section */
		5835CABA24996AF000895307 /* Build configuration list for PBXProject "Cassini" */ = {
			isa = XCConfigurationList;
			buildConfigurations = (
				5835CAD124996AF500895307 /* Debug */,
				5835CAD224996AF500895307 /* Release */,
			);
			defaultConfigurationIsVisible = 0;
			defaultConfigurationName = Release;
		};
		5835CAD324996AF500895307 /* Build configuration list for PBXNativeTarget "Cassini" */ = {
			isa = XCConfigurationList;
			buildConfigurations = (
				5835CAD424996AF500895307 /* Debug */,
				5835CAD524996AF500895307 /* Release */,
			);
			defaultConfigurationIsVisible = 0;
			defaultConfigurationName = Release;
		};
/* End XCConfigurationList section */
	};
	rootObject = 5835CAB724996AF000895307 /* Project object */;
}
